
Microsoft Visual Studio Solution File, Format Version 12.00
# Visual Studio Version 16
VisualStudioVersion = 16.0.30114.105
MinimumVisualStudioVersion = 15.0.26124.0
Project("{2150E333-8FDC-42A3-9474-1A3956D46DE8}") = "shared", "shared", "{55B7D44F-0FB3-4C4D-ABF9-BBDF8D76131C}"
EndProject
Project("{9A19103F-16F7-4668-BE54-9A1E7A4F7556}") = "HeartbeatMessage", "shared\HeartbeatMessage\HeartbeatMessage.csproj", "{0216313F-89CF-4347-8D6C-DAFBEFBF8882}"
EndProject
Project("{2150E333-8FDC-42A3-9474-1A3956D46DE8}") = "edge", "edge", "{2FEF157D-2CCC-46CD-B456-0C05B0145CB1}"
EndProject
Project("{2150E333-8FDC-42A3-9474-1A3956D46DE8}") = "SimulatedEdgeDevice", "SimulatedEdgeDevice", "{AF9E83B9-E390-4900-A71A-B37759F9E37D}"
EndProject
Project("{2150E333-8FDC-42A3-9474-1A3956D46DE8}") = "modules", "modules", "{D4A4B49D-3850-4FFA-9735-AA87F9C0F67E}"
EndProject
Project("{34036844-64E7-43A5-9151-4AD90E180989}") = "WatchdogIotEdgeApp", "edge\SimulatedEdgeDevice\WatchdogIotEdgeApp.iotedgeproj", "{12263362-E1A0-4ED2-BB3C-25823F969563}"
EndProject
Project("{9A19103F-16F7-4668-BE54-9A1E7A4F7556}") = "Watchdog", "edge\SimulatedEdgeDevice\modules\Watchdog\Watchdog.csproj", "{C6D9938F-9814-4703-B5A7-BCB6D534D9C2}"
EndProject
Project("{2150E333-8FDC-42A3-9474-1A3956D46DE8}") = "tests", "tests", "{5BE8948D-6F6A-4D32-8936-213BD0F5868F}"
EndProject
Project("{9A19103F-16F7-4668-BE54-9A1E7A4F7556}") = "EdgeModuleTests", "edge\tests\EdgeModuleTests\EdgeModuleTests.csproj", "{1630E0BE-E2EA-4FDF-89F1-1ECBB2843495}"
EndProject
Project("{2150E333-8FDC-42A3-9474-1A3956D46DE8}") = "cloud", "cloud", "{BBA50084-12BB-4D62-8A35-EEFEE09CD820}"
EndProject
Project("{9A19103F-16F7-4668-BE54-9A1E7A4F7556}") = "IoTHubListener", "cloud\IoTHubListener\IoTHubListener.csproj", "{77A9C492-B030-422D-9ADD-84101B046509}"
EndProject
Project("{2150E333-8FDC-42A3-9474-1A3956D46DE8}") = "tests", "tests", "{FD9C6889-83C7-48DD-896A-77B97A8332AD}"
EndProject
Project("{9A19103F-16F7-4668-BE54-9A1E7A4F7556}") = "IoTHubListenerUnitTests", "cloud\tests\IoTHubListenerUnitTests\IoTHubListenerUnitTests.csproj", "{254AA7DE-485D-4D50-9AA8-2A38A76D51AE}"
EndProject
Global
	GlobalSection(SolutionConfigurationPlatforms) = preSolution
		Debug|Any CPU = Debug|Any CPU
		Debug|x64 = Debug|x64
		Debug|x86 = Debug|x86
		Release|Any CPU = Release|Any CPU
		Release|x64 = Release|x64
		Release|x86 = Release|x86
	EndGlobalSection
	GlobalSection(ProjectConfigurationPlatforms) = postSolution
		{0216313F-89CF-4347-8D6C-DAFBEFBF8882}.Debug|Any CPU.ActiveCfg = Debug|Any CPU
		{0216313F-89CF-4347-8D6C-DAFBEFBF8882}.Debug|Any CPU.Build.0 = Debug|Any CPU
		{0216313F-89CF-4347-8D6C-DAFBEFBF8882}.Debug|x64.ActiveCfg = Debug|Any CPU
		{0216313F-89CF-4347-8D6C-DAFBEFBF8882}.Debug|x64.Build.0 = Debug|Any CPU
		{0216313F-89CF-4347-8D6C-DAFBEFBF8882}.Debug|x86.ActiveCfg = Debug|Any CPU
		{0216313F-89CF-4347-8D6C-DAFBEFBF8882}.Debug|x86.Build.0 = Debug|Any CPU
		{0216313F-89CF-4347-8D6C-DAFBEFBF8882}.Release|Any CPU.ActiveCfg = Release|Any CPU
		{0216313F-89CF-4347-8D6C-DAFBEFBF8882}.Release|Any CPU.Build.0 = Release|Any CPU
		{0216313F-89CF-4347-8D6C-DAFBEFBF8882}.Release|x64.ActiveCfg = Release|Any CPU
		{0216313F-89CF-4347-8D6C-DAFBEFBF8882}.Release|x64.Build.0 = Release|Any CPU
		{0216313F-89CF-4347-8D6C-DAFBEFBF8882}.Release|x86.ActiveCfg = Release|Any CPU
		{0216313F-89CF-4347-8D6C-DAFBEFBF8882}.Release|x86.Build.0 = Release|Any CPU
		{12263362-E1A0-4ED2-BB3C-25823F969563}.Debug|Any CPU.ActiveCfg = Debug|Any CPU
		{12263362-E1A0-4ED2-BB3C-25823F969563}.Debug|Any CPU.Build.0 = Debug|Any CPU
		{12263362-E1A0-4ED2-BB3C-25823F969563}.Debug|x64.ActiveCfg = Debug|Any CPU
		{12263362-E1A0-4ED2-BB3C-25823F969563}.Debug|x64.Build.0 = Debug|Any CPU
		{12263362-E1A0-4ED2-BB3C-25823F969563}.Debug|x86.ActiveCfg = Debug|Any CPU
		{12263362-E1A0-4ED2-BB3C-25823F969563}.Debug|x86.Build.0 = Debug|Any CPU
		{12263362-E1A0-4ED2-BB3C-25823F969563}.Release|Any CPU.ActiveCfg = Release|Any CPU
		{12263362-E1A0-4ED2-BB3C-25823F969563}.Release|Any CPU.Build.0 = Release|Any CPU
		{12263362-E1A0-4ED2-BB3C-25823F969563}.Release|x64.ActiveCfg = Release|Any CPU
		{12263362-E1A0-4ED2-BB3C-25823F969563}.Release|x64.Build.0 = Release|Any CPU
		{12263362-E1A0-4ED2-BB3C-25823F969563}.Release|x86.ActiveCfg = Release|Any CPU
		{12263362-E1A0-4ED2-BB3C-25823F969563}.Release|x86.Build.0 = Release|Any CPU
		{C6D9938F-9814-4703-B5A7-BCB6D534D9C2}.Debug|Any CPU.ActiveCfg = Debug|Any CPU
		{C6D9938F-9814-4703-B5A7-BCB6D534D9C2}.Debug|Any CPU.Build.0 = Debug|Any CPU
		{C6D9938F-9814-4703-B5A7-BCB6D534D9C2}.Debug|x64.ActiveCfg = Debug|Any CPU
		{C6D9938F-9814-4703-B5A7-BCB6D534D9C2}.Debug|x64.Build.0 = Debug|Any CPU
		{C6D9938F-9814-4703-B5A7-BCB6D534D9C2}.Debug|x86.ActiveCfg = Debug|Any CPU
		{C6D9938F-9814-4703-B5A7-BCB6D534D9C2}.Debug|x86.Build.0 = Debug|Any CPU
		{C6D9938F-9814-4703-B5A7-BCB6D534D9C2}.Release|Any CPU.ActiveCfg = Release|Any CPU
		{C6D9938F-9814-4703-B5A7-BCB6D534D9C2}.Release|Any CPU.Build.0 = Release|Any CPU
		{C6D9938F-9814-4703-B5A7-BCB6D534D9C2}.Release|x64.ActiveCfg = Release|Any CPU
		{C6D9938F-9814-4703-B5A7-BCB6D534D9C2}.Release|x64.Build.0 = Release|Any CPU
		{C6D9938F-9814-4703-B5A7-BCB6D534D9C2}.Release|x86.ActiveCfg = Release|Any CPU
		{C6D9938F-9814-4703-B5A7-BCB6D534D9C2}.Release|x86.Build.0 = Release|Any CPU
		{1630E0BE-E2EA-4FDF-89F1-1ECBB2843495}.Debug|Any CPU.ActiveCfg = Debug|Any CPU
		{1630E0BE-E2EA-4FDF-89F1-1ECBB2843495}.Debug|Any CPU.Build.0 = Debug|Any CPU
		{1630E0BE-E2EA-4FDF-89F1-1ECBB2843495}.Debug|x64.ActiveCfg = Debug|Any CPU
		{1630E0BE-E2EA-4FDF-89F1-1ECBB2843495}.Debug|x64.Build.0 = Debug|Any CPU
		{1630E0BE-E2EA-4FDF-89F1-1ECBB2843495}.Debug|x86.ActiveCfg = Debug|Any CPU
		{1630E0BE-E2EA-4FDF-89F1-1ECBB2843495}.Debug|x86.Build.0 = Debug|Any CPU
		{1630E0BE-E2EA-4FDF-89F1-1ECBB2843495}.Release|Any CPU.ActiveCfg = Release|Any CPU
		{1630E0BE-E2EA-4FDF-89F1-1ECBB2843495}.Release|Any CPU.Build.0 = Release|Any CPU
		{1630E0BE-E2EA-4FDF-89F1-1ECBB2843495}.Release|x64.ActiveCfg = Release|Any CPU
		{1630E0BE-E2EA-4FDF-89F1-1ECBB2843495}.Release|x64.Build.0 = Release|Any CPU
		{1630E0BE-E2EA-4FDF-89F1-1ECBB2843495}.Release|x86.ActiveCfg = Release|Any CPU
		{1630E0BE-E2EA-4FDF-89F1-1ECBB2843495}.Release|x86.Build.0 = Release|Any CPU
		{77A9C492-B030-422D-9ADD-84101B046509}.Debug|Any CPU.ActiveCfg = Debug|Any CPU
		{77A9C492-B030-422D-9ADD-84101B046509}.Debug|Any CPU.Build.0 = Debug|Any CPU
		{77A9C492-B030-422D-9ADD-84101B046509}.Debug|x64.ActiveCfg = Debug|Any CPU
		{77A9C492-B030-422D-9ADD-84101B046509}.Debug|x64.Build.0 = Debug|Any CPU
		{77A9C492-B030-422D-9ADD-84101B046509}.Debug|x86.ActiveCfg = Debug|Any CPU
		{77A9C492-B030-422D-9ADD-84101B046509}.Debug|x86.Build.0 = Debug|Any CPU
		{77A9C492-B030-422D-9ADD-84101B046509}.Release|Any CPU.ActiveCfg = Release|Any CPU
		{77A9C492-B030-422D-9ADD-84101B046509}.Release|Any CPU.Build.0 = Release|Any CPU
		{77A9C492-B030-422D-9ADD-84101B046509}.Release|x64.ActiveCfg = Release|Any CPU
		{77A9C492-B030-422D-9ADD-84101B046509}.Release|x64.Build.0 = Release|Any CPU
		{77A9C492-B030-422D-9ADD-84101B046509}.Release|x86.ActiveCfg = Release|Any CPU
		{77A9C492-B030-422D-9ADD-84101B046509}.Release|x86.Build.0 = Release|Any CPU
		{254AA7DE-485D-4D50-9AA8-2A38A76D51AE}.Debug|Any CPU.ActiveCfg = Debug|Any CPU
		{254AA7DE-485D-4D50-9AA8-2A38A76D51AE}.Debug|Any CPU.Build.0 = Debug|Any CPU
		{254AA7DE-485D-4D50-9AA8-2A38A76D51AE}.Debug|x64.ActiveCfg = Debug|Any CPU
		{254AA7DE-485D-4D50-9AA8-2A38A76D51AE}.Debug|x64.Build.0 = Debug|Any CPU
		{254AA7DE-485D-4D50-9AA8-2A38A76D51AE}.Debug|x86.ActiveCfg = Debug|Any CPU
		{254AA7DE-485D-4D50-9AA8-2A38A76D51AE}.Debug|x86.Build.0 = Debug|Any CPU
		{254AA7DE-485D-4D50-9AA8-2A38A76D51AE}.Release|Any CPU.ActiveCfg = Release|Any CPU
		{254AA7DE-485D-4D50-9AA8-2A38A76D51AE}.Release|Any CPU.Build.0 = Release|Any CPU
		{254AA7DE-485D-4D50-9AA8-2A38A76D51AE}.Release|x64.ActiveCfg = Release|Any CPU
		{254AA7DE-485D-4D50-9AA8-2A38A76D51AE}.Release|x64.Build.0 = Release|Any CPU
		{254AA7DE-485D-4D50-9AA8-2A38A76D51AE}.Release|x86.ActiveCfg = Release|Any CPU
		{254AA7DE-485D-4D50-9AA8-2A38A76D51AE}.Release|x86.Build.0 = Release|Any CPU
	EndGlobalSection
	GlobalSection(SolutionProperties) = preSolution
		HideSolutionNode = FALSE
	EndGlobalSection
	GlobalSection(NestedProjects) = preSolution
		{0216313F-89CF-4347-8D6C-DAFBEFBF8882} = {55B7D44F-0FB3-4C4D-ABF9-BBDF8D76131C}
		{AF9E83B9-E390-4900-A71A-B37759F9E37D} = {2FEF157D-2CCC-46CD-B456-0C05B0145CB1}
		{D4A4B49D-3850-4FFA-9735-AA87F9C0F67E} = {AF9E83B9-E390-4900-A71A-B37759F9E37D}
		{C6D9938F-9814-4703-B5A7-BCB6D534D9C2} = {D4A4B49D-3850-4FFA-9735-AA87F9C0F67E}
		{5BE8948D-6F6A-4D32-8936-213BD0F5868F} = {2FEF157D-2CCC-46CD-B456-0C05B0145CB1}
		{1630E0BE-E2EA-4FDF-89F1-1ECBB2843495} = {5BE8948D-6F6A-4D32-8936-213BD0F5868F}
		{77A9C492-B030-422D-9ADD-84101B046509} = {BBA50084-12BB-4D62-8A35-EEFEE09CD820}
		{FD9C6889-83C7-48DD-896A-77B97A8332AD} = {BBA50084-12BB-4D62-8A35-EEFEE09CD820}
		{254AA7DE-485D-4D50-9AA8-2A38A76D51AE} = {FD9C6889-83C7-48DD-896A-77B97A8332AD}
	EndGlobalSection
	GlobalSection(ExtensibilityGlobals) = postSolution
		SolutionGuid = {255F0615-D2E0-4BC0-9904-2340D040198A}
	EndGlobalSection
EndGlobal
